
Microsoft Visual Studio Solution File, Format Version 12.00
# Visual Studio 15
VisualStudioVersion = 15.0.28010.2036
MinimumVisualStudioVersion = 10.0.40219.1
Project("{FAE04EC0-301F-11D3-BF4B-00C04F79EFBC}") = "CS481-Hub", "CS481-Hub\CS481-Hub.csproj", "{7F8DD120-A249-425C-9B2D-0352D683BFEB}"
EndProject
Global
	GlobalSection(SolutionConfigurationPlatforms) = preSolution
		Debug|Any CPU = Debug|Any CPU
		Release|Any CPU = Release|Any CPU
	EndGlobalSection
	GlobalSection(ProjectConfigurationPlatforms) = postSolution
		{7F8DD120-A249-425C-9B2D-0352D683BFEB}.Debug|Any CPU.ActiveCfg = Debug|Any CPU
		{7F8DD120-A249-425C-9B2D-0352D683BFEB}.Debug|Any CPU.Build.0 = Debug|Any CPU
		{7F8DD120-A249-425C-9B2D-0352D683BFEB}.Release|Any CPU.ActiveCfg = Release|Any CPU
		{7F8DD120-A249-425C-9B2D-0352D683BFEB}.Release|Any CPU.Build.0 = Release|Any CPU
	EndGlobalSection
	GlobalSection(SolutionProperties) = preSolution
		HideSolutionNode = FALSE
	EndGlobalSection
	GlobalSection(ExtensibilityGlobals) = postSolution
		SolutionGuid = {C408A07E-FC70-4FA9-AC4B-DE1ED17A92C3}
	EndGlobalSection
EndGlobal
